<?xml version="1.0" encoding="utf-8"?>
<Project ToolsVersion="4.0" xmlns="http://schemas.microsoft.com/developer/msbuild/2003">
  <ItemGroup>
    <ClCompile Include="src\characterPick.cpp" />
    <ClCompile Include="src\higgsFieldGame.cpp" />
    <ClCompile Include="src\intro.cpp" />
    <ClCompile Include="src\main.cpp" />
    <ClCompile Include="src\mainMenu.cpp" />
    <ClCompile Include="src\particlePick.cpp" />
    <ClCompile Include="src\questions.cpp" />
    <ClCompile Include="src\readyForQuiz.cpp" />
    <ClCompile Include="src\userConfirm.cpp" />
    <ClCompile Include="src\getStation.cpp" />
    <ClCompile Include="src\userName.cpp" />
    <ClCompile Include="src\pickPlanet.cpp" />
  </ItemGroup>
  <ItemGroup>
    <ClInclude Include="src\characterPick.h" />
    <ClInclude Include="src\getStation.h" />
    <ClInclude Include="src\higgsFieldGame.h" />
    <ClInclude Include="src\intro.h" />
    <ClInclude Include="src\mainMenu.h" />
    <ClInclude Include="src\particlePick.h" />
    <ClInclude Include="src\pch.h" />
    <ClInclude Include="src\questions.h" />
    <ClInclude Include="src\readyForQuiz.h" />
    <ClInclude Include="src\userConfirm.h" />
    <ClInclude Include="src\userName.h" />
    <ClInclude Include="src\pickPlanet.h" />
  </ItemGroup>
</Project>